
Microsoft Visual Studio Solution File, Format Version 12.00
# Visual Studio Version 17
VisualStudioVersion = 17.5.002.0
MinimumVisualStudioVersion = 10.0.40219.1
Project("{9A19103F-16F7-4668-BE54-9A1E7A4F7556}") = "Biblioteca", "Biblioteca\Biblioteca.csproj", "{567D1E87-218C-4978-B02B-D369C8F998DB}"
EndProject
Project("{9A19103F-16F7-4668-BE54-9A1E7A4F7556}") = "BibliotecaTests", "BibliotecaTests\BibliotecaTests.csproj", "{5B3B92F9-AE10-4E5A-B5C0-7699287ED664}"
EndProject
Global
	GlobalSection(SolutionConfigurationPlatforms) = preSolution
		Debug|Any CPU = Debug|Any CPU
		Release|Any CPU = Release|Any CPU
	EndGlobalSection
	GlobalSection(ProjectConfigurationPlatforms) = postSolution
		{567D1E87-218C-4978-B02B-D369C8F998DB}.Debug|Any CPU.ActiveCfg = Debug|Any CPU
		{567D1E87-218C-4978-B02B-D369C8F998DB}.Debug|Any CPU.Build.0 = Debug|Any CPU
		{567D1E87-218C-4978-B02B-D369C8F998DB}.Release|Any CPU.ActiveCfg = Release|Any CPU
		{567D1E87-218C-4978-B02B-D369C8F998DB}.Release|Any CPU.Build.0 = Release|Any CPU
		{5B3B92F9-AE10-4E5A-B5C0-7699287ED664}.Debug|Any CPU.ActiveCfg = Debug|Any CPU
		{5B3B92F9-AE10-4E5A-B5C0-7699287ED664}.Debug|Any CPU.Build.0 = Debug|Any CPU
		{5B3B92F9-AE10-4E5A-B5C0-7699287ED664}.Release|Any CPU.ActiveCfg = Release|Any CPU
		{5B3B92F9-AE10-4E5A-B5C0-7699287ED664}.Release|Any CPU.Build.0 = Release|Any CPU
	EndGlobalSection
	GlobalSection(SolutionProperties) = preSolution
		HideSolutionNode = FALSE
	EndGlobalSection
	GlobalSection(ExtensibilityGlobals) = postSolution
		SolutionGuid = {723CE776-4410-4D7A-943F-20C27D5E8950}
	EndGlobalSection
EndGlobal
